
Microsoft Visual Studio Solution File, Format Version 12.00
# Visual Studio Version 16
VisualStudioVersion = 16.0.29324.140
MinimumVisualStudioVersion = 10.0.40219.1
Project("{FAE04EC0-301F-11D3-BF4B-00C04F79EFBC}") = "SystemBank", "SystemBank\SystemBank.csproj", "{1FDC2E11-B0E1-416B-AF21-6F2C853E9E69}"
EndProject
Global
	GlobalSection(SolutionConfigurationPlatforms) = preSolution
		Debug|Any CPU = Debug|Any CPU
		Release|Any CPU = Release|Any CPU
	EndGlobalSection
	GlobalSection(ProjectConfigurationPlatforms) = postSolution
		{1FDC2E11-B0E1-416B-AF21-6F2C853E9E69}.Debug|Any CPU.ActiveCfg = Debug|Any CPU
		{1FDC2E11-B0E1-416B-AF21-6F2C853E9E69}.Debug|Any CPU.Build.0 = Debug|Any CPU
		{1FDC2E11-B0E1-416B-AF21-6F2C853E9E69}.Release|Any CPU.ActiveCfg = Release|Any CPU
		{1FDC2E11-B0E1-416B-AF21-6F2C853E9E69}.Release|Any CPU.Build.0 = Release|Any CPU
	EndGlobalSection
	GlobalSection(SolutionProperties) = preSolution
		HideSolutionNode = FALSE
	EndGlobalSection
	GlobalSection(ExtensibilityGlobals) = postSolution
		SolutionGuid = {469688EF-3F6B-4DA6-AC01-9042A6774631}
	EndGlobalSection
EndGlobal
